
Microsoft Visual Studio Solution File, Format Version 11.00
# Visual Studio 2010
Project("{FAE04EC0-301F-11D3-BF4B-00C04F79EFBC}") = "PhotoCache.Web", "PhotoCache.Web\PhotoCache.Web.csproj", "{3EA0FB4A-1D91-4027-9748-7C82E00ADA55}"
EndProject
Global
	GlobalSection(SolutionConfigurationPlatforms) = preSolution
		Debug|Any CPU = Debug|Any CPU
		Debug|Mixed Platforms = Debug|Mixed Platforms
		Debug|x86 = Debug|x86
		Release|Any CPU = Release|Any CPU
		Release|Mixed Platforms = Release|Mixed Platforms
		Release|x86 = Release|x86
	EndGlobalSection
	GlobalSection(ProjectConfigurationPlatforms) = postSolution
		{3EA0FB4A-1D91-4027-9748-7C82E00ADA55}.Debug|Any CPU.ActiveCfg = Debug|Any CPU
		{3EA0FB4A-1D91-4027-9748-7C82E00ADA55}.Debug|Any CPU.Build.0 = Debug|Any CPU
		{3EA0FB4A-1D91-4027-9748-7C82E00ADA55}.Debug|Mixed Platforms.ActiveCfg = Debug|Any CPU
		{3EA0FB4A-1D91-4027-9748-7C82E00ADA55}.Debug|Mixed Platforms.Build.0 = Debug|Any CPU
		{3EA0FB4A-1D91-4027-9748-7C82E00ADA55}.Debug|x86.ActiveCfg = Debug|Any CPU
		{3EA0FB4A-1D91-4027-9748-7C82E00ADA55}.Release|Any CPU.ActiveCfg = Release|Any CPU
		{3EA0FB4A-1D91-4027-9748-7C82E00ADA55}.Release|Any CPU.Build.0 = Release|Any CPU
		{3EA0FB4A-1D91-4027-9748-7C82E00ADA55}.Release|Mixed Platforms.ActiveCfg = Release|Any CPU
		{3EA0FB4A-1D91-4027-9748-7C82E00ADA55}.Release|Mixed Platforms.Build.0 = Release|Any CPU
		{3EA0FB4A-1D91-4027-9748-7C82E00ADA55}.Release|x86.ActiveCfg = Release|Any CPU
	EndGlobalSection
	GlobalSection(SolutionProperties) = preSolution
		HideSolutionNode = FALSE
	EndGlobalSection
EndGlobal
